// !$*UTF8*$!
{
	archiveVersion = 1;
	classes = {
	};
	objectVersion = 46;
	objects = {

/* Begin PBXBuildFile section */
		C59AEEC11D5CFDCE004588A5 /* main.m in Sources */ = {isa = PBXBuildFile; fileRef = C59AEEC01D5CFDCE004588A5 /* main.m */; };
		C59AEEC41D5CFDCE004588A5 /* AppDelegate.m in Sources */ = {isa = PBXBuildFile; fileRef = C59AEEC31D5CFDCE004588A5 /* AppDelegate.m */; };
		C59AEEC71D5CFDCE004588A5 /* ViewController.m in Sources */ = {isa = PBXBuildFile; fileRef = C59AEEC61D5CFDCE004588A5 /* ViewController.m */; };
		C59AEECC1D5CFDCE004588A5 /* Assets.xcassets in Resources */ = {isa = PBXBuildFile; fileRef = C59AEECB1D5CFDCE004588A5 /* Assets.xcassets */; };
		C59AEECF1D5CFDCE004588A5 /* LaunchScreen.storyboard in Resources */ = {isa = PBXBuildFile; fileRef = C59AEECD1D5CFDCE004588A5 /* LaunchScreen.storyboard */; };
		C59AEED81D5E4B8A004588A5 /* AwesomeFloatingToolbar.m in Sources */ = {isa = PBXBuildFile; fileRef = C59AEED71D5E4B8A004588A5 /* AwesomeFloatingToolbar.m */; };
/* End PBXBuildFile section */

/* Begin PBXFileReference section */
		C59AEEBC1D5CFDCE004588A5 /* BlocBrowser.app */ = {isa = PBXFileReference; explicitFileType = wrapper.application; includeInIndex = 0; path = BlocBrowser.app; sourceTree = BUILT_PRODUCTS_DIR; };
		C59AEEC01D5CFDCE004588A5 /* main.m */ = {isa = PBXFileReference; lastKnownFileType = sourcecode.c.objc; path = main.m; sourceTree = "<group>"; };
		C59AEEC21D5CFDCE004588A5 /* AppDelegate.h */ = {isa = PBXFileReference; lastKnownFileType = sourcecode.c.h; path = AppDelegate.h; sourceTree = "<group>"; };
		C59AEEC31D5CFDCE004588A5 /* AppDelegate.m */ = {isa = PBXFileReference; lastKnownFileType = sourcecode.c.objc; path = AppDelegate.m; sourceTree = "<group>"; };
		C59AEEC51D5CFDCE004588A5 /* ViewController.h */ = {isa = PBXFileReference; lastKnownFileType = sourcecode.c.h; path = ViewController.h; sourceTree = "<group>"; };
		C59AEEC61D5CFDCE004588A5 /* ViewController.m */ = {isa = PBXFileReference; lastKnownFileType = sourcecode.c.objc; path = ViewController.m; sourceTree = "<group>"; };
		C59AEECB1D5CFDCE004588A5 /* Assets.xcassets */ = {isa = PBXFileReference; lastKnownFileType = folder.assetcatalog; path = Assets.xcassets; sourceTree = "<group>"; };
		C59AEECE1D5CFDCE004588A5 /* Base */ = {isa = PBXFileReference; lastKnownFileType = file.storyboard; name = Base; path = Base.lproj/LaunchScreen.storyboard; sourceTree = "<group>"; };
		C59AEED01D5CFDCE004588A5 /* Info.plist */ = {isa = PBXFileReference; lastKnownFileType = text.plist.xml; path = Info.plist; sourceTree = "<group>"; };
		C59AEED61D5E4B8A004588A5 /* AwesomeFloatingToolbar.h */ = {isa = PBXFileReference; fileEncoding = 4; lastKnownFileType = sourcecode.c.h; path = AwesomeFloatingToolbar.h; sourceTree = "<group>"; };
		C59AEED71D5E4B8A004588A5 /* AwesomeFloatingToolbar.m */ = {isa = PBXFileReference; fileEncoding = 4; lastKnownFileType = sourcecode.c.objc; path = AwesomeFloatingToolbar.m; sourceTree = "<group>"; };
/* End PBXFileReference section */

/* Begin PBXFrameworksBuildPhase section */
		C59AEEB91D5CFDCE004588A5 /* Frameworks */ = {
			isa = PBXFrameworksBuildPhase;
			buildActionMask = 2147483647;
			files = (
			);
			runOnlyForDeploymentPostprocessing = 0;
		};
/* End PBXFrameworksBuildPhase section */

/* Begin PBXGroup section */
		C59AEEB31D5CFDCE004588A5 = {
			isa = PBXGroup;
			children = (
				C59AEEBE1D5CFDCE004588A5 /* BlocBrowser */,
				C59AEEBD1D5CFDCE004588A5 /* Products */,
			);
			sourceTree = "<group>";
		};
		C59AEEBD1D5CFDCE004588A5 /* Products */ = {
			isa = PBXGroup;
			children = (
				C59AEEBC1D5CFDCE004588A5 /* BlocBrowser.app */,
			);
			name = Products;
			sourceTree = "<group>";
		};
		C59AEEBE1D5CFDCE004588A5 /* BlocBrowser */ = {
			isa = PBXGroup;
			children = (
				C59AEEC21D5CFDCE004588A5 /* AppDelegate.h */,
				C59AEEC31D5CFDCE004588A5 /* AppDelegate.m */,
				C59AEEC51D5CFDCE004588A5 /* ViewController.h */,
				C59AEEC61D5CFDCE004588A5 /* ViewController.m */,
				C59AEECB1D5CFDCE004588A5 /* Assets.xcassets */,
				C59AEECD1D5CFDCE004588A5 /* LaunchScreen.storyboard */,
				C59AEED01D5CFDCE004588A5 /* Info.plist */,
				C59AEEBF1D5CFDCE004588A5 /* Supporting Files */,
				C59AEED61D5E4B8A004588A5 /* AwesomeFloatingToolbar.h */,
				C59AEED71D5E4B8A004588A5 /* AwesomeFloatingToolbar.m */,
			);
			path = BlocBrowser;
			sourceTree = "<group>";
		};
		C59AEEBF1D5CFDCE004588A5 /* Supporting Files */ = {
			isa = PBXGroup;
			children = (
				C59AEEC01D5CFDCE004588A5 /* main.m */,
			);
			name = "Supporting Files";
			sourceTree = "<group>";
		};
/* End PBXGroup section */

/* Begin PBXNativeTarget section */
		C59AEEBB1D5CFDCE004588A5 /* BlocBrowser */ = {
			isa = PBXNativeTarget;
			buildConfigurationList = C59AEED31D5CFDCE004588A5 /* Build configuration list for PBXNativeTarget "BlocBrowser" */;
			buildPhases = (
				C59AEEB81D5CFDCE004588A5 /* Sources */,
				C59AEEB91D5CFDCE004588A5 /* Frameworks */,
				C59AEEBA1D5CFDCE004588A5 /* Resources */,
			);
			buildRules = (
			);
			dependencies = (
			);
			name = BlocBrowser;
			productName = BlocBrowser;
			productReference = C59AEEBC1D5CFDCE004588A5 /* BlocBrowser.app */;
			productType = "com.apple.product-type.application";
		};
/* End PBXNativeTarget section */

/* Begin PBXProject section */
		C59AEEB41D5CFDCE004588A5 /* Project object */ = {
			isa = PBXProject;
			attributes = {
				LastUpgradeCheck = 0710;
				ORGANIZATIONNAME = "Jeff Kral";
				TargetAttributes = {
					C59AEEBB1D5CFDCE004588A5 = {
						CreatedOnToolsVersion = 7.1;
					};
				};
			};
			buildConfigurationList = C59AEEB71D5CFDCE004588A5 /* Build configuration list for PBXProject "BlocBrowser" */;
			compatibilityVersion = "Xcode 3.2";
			developmentRegion = English;
			hasScannedForEncodings = 0;
			knownRegions = (
				en,
				Base,
			);
			mainGroup = C59AEEB31D5CFDCE004588A5;
			productRefGroup = C59AEEBD1D5CFDCE004588A5 /* Products */;
			projectDirPath = "";
			projectRoot = "";
			targets = (
				C59AEEBB1D5CFDCE004588A5 /* BlocBrowser */,
			);
		};
/* End PBXProject section */

/* Begin PBXResourcesBuildPhase section */
		C59AEEBA1D5CFDCE004588A5 /* Resources */ = {
			isa = PBXResourcesBuildPhase;
			buildActionMask = 2147483647;
			files = (
				C59AEECF1D5CFDCE004588A5 /* LaunchScreen.storyboard in Resources */,
				C59AEECC1D5CFDCE004588A5 /* Assets.xcassets in Resources */,
			);
			runOnlyForDeploymentPostprocessing = 0;
		};
/* End PBXResourcesBuildPhase section */

/* Begin PBXSourcesBuildPhase section */
		C59AEEB81D5CFDCE004588A5 /* Sources */ = {
			isa = PBXSourcesBuildPhase;
			buildActionMask = 2147483647;
			files = (
				C59AEEC71D5CFDCE004588A5 /* ViewController.m in Sources */,
				C59AEEC41D5CFDCE004588A5 /* AppDelegate.m in Sources */,
				C59AEEC11D5CFDCE004588A5 /* main.m in Sources */,
				C59AEED81D5E4B8A004588A5 /* AwesomeFloatingToolbar.m in Sources */,
			);
			runOnlyForDeploymentPostprocessing = 0;
		};
/* End PBXSourcesBuildPhase section */

/* Begin PBXVariantGroup section */
		C59AEECD1D5CFDCE004588A5 /* LaunchScreen.storyboard */ = {
			isa = PBXVariantGroup;
			children = (
				C59AEECE1D5CFDCE004588A5 /* Base */,
			);
			name = LaunchScreen.storyboard;
			sourceTree = "<group>";
		};
/* End PBXVariantGroup section */

/* Begin XCBuildConfiguration section */
		C59AEED11D5CFDCE004588A5 /* Debug */ = {
			isa = XCBuildConfiguration;
			buildSettings = {
				ALWAYS_SEARCH_USER_PATHS = NO;
				CLANG_CXX_LANGUAGE_STANDARD = "gnu++0x";
				CLANG_CXX_LIBRARY = "libc++";
				CLANG_ENABLE_MODULES = YES;
				CLANG_ENABLE_OBJC_ARC = YES;
				CLANG_WARN_BOOL_CONVERSION = YES;
				CLANG_WARN_CONSTANT_CONVERSION = YES;
				CLANG_WARN_DIRECT_OBJC_ISA_USAGE = YES_ERROR;
				CLANG_WARN_EMPTY_BODY = YES;
				CLANG_WARN_ENUM_CONVERSION = YES;
				CLANG_WARN_INT_CONVERSION = YES;
				CLANG_WARN_OBJC_ROOT_CLASS = YES_ERROR;
				CLANG_WARN_UNREACHABLE_CODE = YES;
				CLANG_WARN__DUPLICATE_METHOD_MATCH = YES;
				"CODE_SIGN_IDENTITY[sdk=iphoneos*]" = "iPhone Developer";
				COPY_PHASE_STRIP = NO;
				DEBUG_INFORMATION_FORMAT = dwarf;
				ENABLE_STRICT_OBJC_MSGSEND = YES;
				ENABLE_TESTABILITY = YES;
				GCC_C_LANGUAGE_STANDARD = gnu99;
				GCC_DYNAMIC_NO_PIC = NO;
				GCC_NO_COMMON_BLOCKS = YES;
				GCC_OPTIMIZATION_LEVEL = 0;
				GCC_PREPROCESSOR_DEFINITIONS = (
					"DEBUG=1",
					"$(inherited)",
				);
				GCC_WARN_64_TO_32_BIT_CONVERSION = YES;
				GCC_WARN_ABOUT_RETURN_TYPE = YES_ERROR;
				GCC_WARN_UNDECLARED_SELECTOR = YES;
				GCC_WARN_UNINITIALIZED_AUTOS = YES_AGGRESSIVE;
				GCC_WARN_UNUSED_FUNCTION = YES;
				GCC_WARN_UNUSED_VARIABLE = YES;
				IPHONEOS_DEPLOYMENT_TARGET = 9.1;
				MTL_ENABLE_DEBUG_INFO = YES;
				ONLY_ACTIVE_ARCH = YES;
				SDKROOT = iphoneos;
				TARGETED_DEVICE_FAMILY = "1,2";
			};
			name = Debug;
		};
		C59AEED21D5CFDCE004588A5 /* Release */ = {
			isa = XCBuildConfiguration;
			buildSettings = {
				ALWAYS_SEARCH_USER_PATHS = NO;
				CLANG_CXX_LANGUAGE_STANDARD = "gnu++0x";
				CLANG_CXX_LIBRARY = "libc++";
				CLANG_ENABLE_MODULES = YES;
				CLANG_ENABLE_OBJC_ARC = YES;
				CLANG_WARN_BOOL_CONVERSION = YES;
				CLANG_WARN_CONSTANT_CONVERSION = YES;
				CLANG_WARN_DIRECT_OBJC_ISA_USAGE = YES_ERROR;
				CLANG_WARN_EMPTY_BODY = YES;
				CLANG_WARN_ENUM_CONVERSION = YES;
				CLANG_WARN_INT_CONVERSION = YES;
				CLANG_WARN_OBJC_ROOT_CLASS = YES_ERROR;
				CLANG_WARN_UNREACHABLE_CODE = YES;
				CLANG_WARN__DUPLICATE_METHOD_MATCH = YES;
				"CODE_SIGN_IDENTITY[sdk=iphoneos*]" = "iPhone Developer";
				COPY_PHASE_STRIP = NO;
				DEBUG_INFORMATION_FORMAT = "dwarf-with-dsym";
				ENABLE_NS_ASSERTIONS = NO;
				ENABLE_STRICT_OBJC_MSGSEND = YES;
				GCC_C_LANGUAGE_STANDARD = gnu99;
				GCC_NO_COMMON_BLOCKS = YES;
				GCC_WARN_64_TO_32_BIT_CONVERSION = YES;
				GCC_WARN_ABOUT_RETURN_TYPE = YES_ERROR;
				GCC_WARN_UNDECLARED_SELECTOR = YES;
				GCC_WARN_UNINITIALIZED_AUTOS = YES_AGGRESSIVE;
				GCC_WARN_UNUSED_FUNCTION = YES;
				GCC_WARN_UNUSED_VARIABLE = YES;
				IPHONEOS_DEPLOYMENT_TARGET = 9.1;
				MTL_ENABLE_DEBUG_INFO = NO;
				SDKROOT = iphoneos;
				TARGETED_DEVICE_FAMILY = "1,2";
				VALIDATE_PRODUCT = YES;
			};
			name = Release;
		};
		C59AEED41D5CFDCE004588A5 /* Debug */ = {
			isa = XCBuildConfiguration;
			buildSettings = {
				ASSETCATALOG_COMPILER_APPICON_NAME = AppIcon;
				INFOPLIST_FILE = BlocBrowser/Info.plist;
				LD_RUNPATH_SEARCH_PATHS = "$(inherited) @executable_path/Frameworks";
				PRODUCT_BUNDLE_IDENTIFIER = "com.jeff-kral.BlocBrowser";
				PRODUCT_NAME = "$(TARGET_NAME)";
			};
			name = Debug;
		};
		C59AEED51D5CFDCE004588A5 /* Release */ = {
			isa = XCBuildConfiguration;
			buildSettings = {
				ASSETCATALOG_COMPILER_APPICON_NAME = AppIcon;
				INFOPLIST_FILE = BlocBrowser/Info.plist;
				LD_RUNPATH_SEARCH_PATHS = "$(inherited) @executable_path/Frameworks";
				PRODUCT_BUNDLE_IDENTIFIER = "com.jeff-kral.BlocBrowser";
				PRODUCT_NAME = "$(TARGET_NAME)";
			};
			name = Release;
		};
/* End XCBuildConfiguration section */

/* Begin XCConfigurationList section */
		C59AEEB71D5CFDCE004588A5 /* Build configuration list for PBXProject "BlocBrowser" */ = {
			isa = XCConfigurationList;
			buildConfigurations = (
				C59AEED11D5CFDCE004588A5 /* Debug */,
				C59AEED21D5CFDCE004588A5 /* Release */,
			);
			defaultConfigurationIsVisible = 0;
			defaultConfigurationName = Release;
		};
		C59AEED31D5CFDCE004588A5 /* Build configuration list for PBXNativeTarget "BlocBrowser" */ = {
			isa = XCConfigurationList;
			buildConfigurations = (
				C59AEED41D5CFDCE004588A5 /* Debug */,
				C59AEED51D5CFDCE004588A5 /* Release */,
			);
			defaultConfigurationIsVisible = 0;
		};
/* End XCConfigurationList section */
	};
	rootObject = C59AEEB41D5CFDCE004588A5 /* Project object */;
}
